// !$*UTF8*$!
{
	archiveVersion = 1;
	classes = {
	};
	objectVersion = 56;
	objects = {

/* Begin PBXBuildFile section */
		FA5A6655292BAFCD00DF7494 /* AppDelegate.swift in Sources */ = {isa = PBXBuildFile; fileRef = FA5A6654292BAFCD00DF7494 /* AppDelegate.swift */; };
		FA5A6657292BAFCD00DF7494 /* SceneDelegate.swift in Sources */ = {isa = PBXBuildFile; fileRef = FA5A6656292BAFCD00DF7494 /* SceneDelegate.swift */; };
		FA5A665C292BAFCD00DF7494 /* Main.storyboard in Resources */ = {isa = PBXBuildFile; fileRef = FA5A665A292BAFCD00DF7494 /* Main.storyboard */; };
		FA5A665E292BAFCE00DF7494 /* Assets.xcassets in Resources */ = {isa = PBXBuildFile; fileRef = FA5A665D292BAFCE00DF7494 /* Assets.xcassets */; };
		FA5A6661292BAFCE00DF7494 /* LaunchScreen.storyboard in Resources */ = {isa = PBXBuildFile; fileRef = FA5A665F292BAFCE00DF7494 /* LaunchScreen.storyboard */; };
		FA5A666D292BB18300DF7494 /* Reminder.swift in Sources */ = {isa = PBXBuildFile; fileRef = FA5A666C292BB18300DF7494 /* Reminder.swift */; };
		FA5A666F292BB26400DF7494 /* ReminderService.swift in Sources */ = {isa = PBXBuildFile; fileRef = FA5A666E292BB26400DF7494 /* ReminderService.swift */; };
		FA5A6671292C0CDC00DF7494 /* RemindersViewController.swift in Sources */ = {isa = PBXBuildFile; fileRef = FA5A6670292C0CDC00DF7494 /* RemindersViewController.swift */; };
		FA5A6673292C0D1A00DF7494 /* ReminderTableViewCell.swift in Sources */ = {isa = PBXBuildFile; fileRef = FA5A6672292C0D1A00DF7494 /* ReminderTableViewCell.swift */; };
		FA5A6675292C15DA00DF7494 /* FavoriteViewController.swift in Sources */ = {isa = PBXBuildFile; fileRef = FA5A6674292C15DA00DF7494 /* FavoriteViewController.swift */; };
		FA5A6677292CDD2100DF7494 /* NewReminderViewController.swift in Sources */ = {isa = PBXBuildFile; fileRef = FA5A6676292CDD2100DF7494 /* NewReminderViewController.swift */; };
		FA5A6679292E61AC00DF7494 /* ButtonStyle.swift in Sources */ = {isa = PBXBuildFile; fileRef = FA5A6678292E61AC00DF7494 /* ButtonStyle.swift */; };
/* End PBXBuildFile section */

/* Begin PBXFileReference section */
		FA5A6651292BAFCD00DF7494 /* Fresh Reminder.app */ = {isa = PBXFileReference; explicitFileType = wrapper.application; includeInIndex = 0; path = "Fresh Reminder.app"; sourceTree = BUILT_PRODUCTS_DIR; };
		FA5A6654292BAFCD00DF7494 /* AppDelegate.swift */ = {isa = PBXFileReference; lastKnownFileType = sourcecode.swift; path = AppDelegate.swift; sourceTree = "<group>"; };
		FA5A6656292BAFCD00DF7494 /* SceneDelegate.swift */ = {isa = PBXFileReference; lastKnownFileType = sourcecode.swift; path = SceneDelegate.swift; sourceTree = "<group>"; };
		FA5A665B292BAFCD00DF7494 /* Base */ = {isa = PBXFileReference; lastKnownFileType = file.storyboard; name = Base; path = Base.lproj/Main.storyboard; sourceTree = "<group>"; };
		FA5A665D292BAFCE00DF7494 /* Assets.xcassets */ = {isa = PBXFileReference; lastKnownFileType = folder.assetcatalog; path = Assets.xcassets; sourceTree = "<group>"; };
		FA5A6660292BAFCE00DF7494 /* Base */ = {isa = PBXFileReference; lastKnownFileType = file.storyboard; name = Base; path = Base.lproj/LaunchScreen.storyboard; sourceTree = "<group>"; };
		FA5A6662292BAFCE00DF7494 /* Info.plist */ = {isa = PBXFileReference; lastKnownFileType = text.plist.xml; path = Info.plist; sourceTree = "<group>"; };
		FA5A666C292BB18300DF7494 /* Reminder.swift */ = {isa = PBXFileReference; lastKnownFileType = sourcecode.swift; path = Reminder.swift; sourceTree = "<group>"; };
		FA5A666E292BB26400DF7494 /* ReminderService.swift */ = {isa = PBXFileReference; lastKnownFileType = sourcecode.swift; path = ReminderService.swift; sourceTree = "<group>"; };
		FA5A6670292C0CDC00DF7494 /* RemindersViewController.swift */ = {isa = PBXFileReference; lastKnownFileType = sourcecode.swift; path = RemindersViewController.swift; sourceTree = "<group>"; };
		FA5A6672292C0D1A00DF7494 /* ReminderTableViewCell.swift */ = {isa = PBXFileReference; lastKnownFileType = sourcecode.swift; path = ReminderTableViewCell.swift; sourceTree = "<group>"; };
		FA5A6674292C15DA00DF7494 /* FavoriteViewController.swift */ = {isa = PBXFileReference; lastKnownFileType = sourcecode.swift; path = FavoriteViewController.swift; sourceTree = "<group>"; };
		FA5A6676292CDD2100DF7494 /* NewReminderViewController.swift */ = {isa = PBXFileReference; lastKnownFileType = sourcecode.swift; path = NewReminderViewController.swift; sourceTree = "<group>"; };
		FA5A6678292E61AC00DF7494 /* ButtonStyle.swift */ = {isa = PBXFileReference; lastKnownFileType = sourcecode.swift; path = ButtonStyle.swift; sourceTree = "<group>"; };
		FA5A667A292F639B00DF7494 /* Fresh Reminder.entitlements */ = {isa = PBXFileReference; lastKnownFileType = text.plist.entitlements; path = "Fresh Reminder.entitlements"; sourceTree = "<group>"; };
/* End PBXFileReference section */

/* Begin PBXFrameworksBuildPhase section */
		FA5A664E292BAFCD00DF7494 /* Frameworks */ = {
			isa = PBXFrameworksBuildPhase;
			buildActionMask = 2147483647;
			files = (
			);
			runOnlyForDeploymentPostprocessing = 0;
		};
/* End PBXFrameworksBuildPhase section */

/* Begin PBXGroup section */
		FA5A6648292BAFCD00DF7494 = {
			isa = PBXGroup;
			children = (
				FA5A6653292BAFCD00DF7494 /* Fresh Reminder */,
				FA5A6652292BAFCD00DF7494 /* Products */,
			);
			sourceTree = "<group>";
		};
		FA5A6652292BAFCD00DF7494 /* Products */ = {
			isa = PBXGroup;
			children = (
				FA5A6651292BAFCD00DF7494 /* Fresh Reminder.app */,
			);
			name = Products;
			sourceTree = "<group>";
		};
		FA5A6653292BAFCD00DF7494 /* Fresh Reminder */ = {
			isa = PBXGroup;
			children = (
				FA5A667A292F639B00DF7494 /* Fresh Reminder.entitlements */,
				FA5A666B292BB04300DF7494 /* Supporting Files */,
				FA5A666A292BB00D00DF7494 /* Controller */,
				FA5A6669292BB00000DF7494 /* View */,
				FA5A6668292BAFE700DF7494 /* Model */,
				FA5A665D292BAFCE00DF7494 /* Assets.xcassets */,
				FA5A6662292BAFCE00DF7494 /* Info.plist */,
			);
			path = "Fresh Reminder";
			sourceTree = "<group>";
		};
		FA5A6668292BAFE700DF7494 /* Model */ = {
			isa = PBXGroup;
			children = (
				FA5A666C292BB18300DF7494 /* Reminder.swift */,
				FA5A666E292BB26400DF7494 /* ReminderService.swift */,
			);
			path = Model;
			sourceTree = "<group>";
		};
		FA5A6669292BB00000DF7494 /* View */ = {
			isa = PBXGroup;
			children = (
				FA5A665A292BAFCD00DF7494 /* Main.storyboard */,
				FA5A665F292BAFCE00DF7494 /* LaunchScreen.storyboard */,
				FA5A6672292C0D1A00DF7494 /* ReminderTableViewCell.swift */,
			);
			path = View;
			sourceTree = "<group>";
		};
		FA5A666A292BB00D00DF7494 /* Controller */ = {
			isa = PBXGroup;
			children = (
				FA5A6670292C0CDC00DF7494 /* RemindersViewController.swift */,
				FA5A6674292C15DA00DF7494 /* FavoriteViewController.swift */,
				FA5A6676292CDD2100DF7494 /* NewReminderViewController.swift */,
			);
			path = Controller;
			sourceTree = "<group>";
		};
		FA5A666B292BB04300DF7494 /* Supporting Files */ = {
			isa = PBXGroup;
			children = (
				FA5A6654292BAFCD00DF7494 /* AppDelegate.swift */,
				FA5A6656292BAFCD00DF7494 /* SceneDelegate.swift */,
				FA5A6678292E61AC00DF7494 /* ButtonStyle.swift */,
			);
			path = "Supporting Files";
			sourceTree = "<group>";
		};
/* End PBXGroup section */

/* Begin PBXNativeTarget section */
		FA5A6650292BAFCD00DF7494 /* Fresh Reminder */ = {
			isa = PBXNativeTarget;
			buildConfigurationList = FA5A6665292BAFCE00DF7494 /* Build configuration list for PBXNativeTarget "Fresh Reminder" */;
			buildPhases = (
				FA5A664D292BAFCD00DF7494 /* Sources */,
				FA5A664E292BAFCD00DF7494 /* Frameworks */,
				FA5A664F292BAFCD00DF7494 /* Resources */,
			);
			buildRules = (
			);
			dependencies = (
			);
			name = "Fresh Reminder";
			productName = "Fresh Reminder";
			productReference = FA5A6651292BAFCD00DF7494 /* Fresh Reminder.app */;
			productType = "com.apple.product-type.application";
		};
/* End PBXNativeTarget section */

/* Begin PBXProject section */
		FA5A6649292BAFCD00DF7494 /* Project object */ = {
			isa = PBXProject;
			attributes = {
				BuildIndependentTargetsInParallel = 1;
				LastSwiftUpdateCheck = 1400;
				LastUpgradeCheck = 1400;
				TargetAttributes = {
					FA5A6650292BAFCD00DF7494 = {
						CreatedOnToolsVersion = 14.0.1;
					};
				};
			};
			buildConfigurationList = FA5A664C292BAFCD00DF7494 /* Build configuration list for PBXProject "Fresh Reminder" */;
			compatibilityVersion = "Xcode 14.0";
			developmentRegion = en;
			hasScannedForEncodings = 0;
			knownRegions = (
				en,
				Base,
			);
			mainGroup = FA5A6648292BAFCD00DF7494;
			productRefGroup = FA5A6652292BAFCD00DF7494 /* Products */;
			projectDirPath = "";
			projectRoot = "";
			targets = (
				FA5A6650292BAFCD00DF7494 /* Fresh Reminder */,
			);
		};
/* End PBXProject section */

/* Begin PBXResourcesBuildPhase section */
		FA5A664F292BAFCD00DF7494 /* Resources */ = {
			isa = PBXResourcesBuildPhase;
			buildActionMask = 2147483647;
			files = (
				FA5A6661292BAFCE00DF7494 /* LaunchScreen.storyboard in Resources */,
				FA5A665E292BAFCE00DF7494 /* Assets.xcassets in Resources */,
				FA5A665C292BAFCD00DF7494 /* Main.storyboard in Resources */,
			);
			runOnlyForDeploymentPostprocessing = 0;
		};
/* End PBXResourcesBuildPhase section */

/* Begin PBXSourcesBuildPhase section */
		FA5A664D292BAFCD00DF7494 /* Sources */ = {
			isa = PBXSourcesBuildPhase;
			buildActionMask = 2147483647;
			files = (
				FA5A666F292BB26400DF7494 /* ReminderService.swift in Sources */,
				FA5A6677292CDD2100DF7494 /* NewReminderViewController.swift in Sources */,
				FA5A6673292C0D1A00DF7494 /* ReminderTableViewCell.swift in Sources */,
				FA5A6655292BAFCD00DF7494 /* AppDelegate.swift in Sources */,
				FA5A6675292C15DA00DF7494 /* FavoriteViewController.swift in Sources */,
				FA5A6657292BAFCD00DF7494 /* SceneDelegate.swift in Sources */,
				FA5A6679292E61AC00DF7494 /* ButtonStyle.swift in Sources */,
				FA5A666D292BB18300DF7494 /* Reminder.swift in Sources */,
				FA5A6671292C0CDC00DF7494 /* RemindersViewController.swift in Sources */,
			);
			runOnlyForDeploymentPostprocessing = 0;
		};
/* End PBXSourcesBuildPhase section */

/* Begin PBXVariantGroup section */
		FA5A665A292BAFCD00DF7494 /* Main.storyboard */ = {
			isa = PBXVariantGroup;
			children = (
				FA5A665B292BAFCD00DF7494 /* Base */,
			);
			name = Main.storyboard;
			sourceTree = "<group>";
		};
		FA5A665F292BAFCE00DF7494 /* LaunchScreen.storyboard */ = {
			isa = PBXVariantGroup;
			children = (
				FA5A6660292BAFCE00DF7494 /* Base */,
			);
			name = LaunchScreen.storyboard;
			sourceTree = "<group>";
		};
/* End PBXVariantGroup section */

/* Begin XCBuildConfiguration section */
		FA5A6663292BAFCE00DF7494 /* Debug */ = {
			isa = XCBuildConfiguration;
			buildSettings = {
				ALWAYS_SEARCH_USER_PATHS = NO;
				CLANG_ANALYZER_NONNULL = YES;
				CLANG_ANALYZER_NUMBER_OBJECT_CONVERSION = YES_AGGRESSIVE;
				CLANG_CXX_LANGUAGE_STANDARD = "gnu++20";
				CLANG_ENABLE_MODULES = YES;
				CLANG_ENABLE_OBJC_ARC = YES;
				CLANG_ENABLE_OBJC_WEAK = YES;
				CLANG_WARN_BLOCK_CAPTURE_AUTORELEASING = YES;
				CLANG_WARN_BOOL_CONVERSION = YES;
				CLANG_WARN_COMMA = YES;
				CLANG_WARN_CONSTANT_CONVERSION = YES;
				CLANG_WARN_DEPRECATED_OBJC_IMPLEMENTATIONS = YES;
				CLANG_WARN_DIRECT_OBJC_ISA_USAGE = YES_ERROR;
				CLANG_WARN_DOCUMENTATION_COMMENTS = YES;
				CLANG_WARN_EMPTY_BODY = YES;
				CLANG_WARN_ENUM_CONVERSION = YES;
				CLANG_WARN_INFINITE_RECURSION = YES;
				CLANG_WARN_INT_CONVERSION = YES;
				CLANG_WARN_NON_LITERAL_NULL_CONVERSION = YES;
				CLANG_WARN_OBJC_IMPLICIT_RETAIN_SELF = YES;
				CLANG_WARN_OBJC_LITERAL_CONVERSION = YES;
				CLANG_WARN_OBJC_ROOT_CLASS = YES_ERROR;
				CLANG_WARN_QUOTED_INCLUDE_IN_FRAMEWORK_HEADER = YES;
				CLANG_WARN_RANGE_LOOP_ANALYSIS = YES;
				CLANG_WARN_STRICT_PROTOTYPES = YES;
				CLANG_WARN_SUSPICIOUS_MOVE = YES;
				CLANG_WARN_UNGUARDED_AVAILABILITY = YES_AGGRESSIVE;
				CLANG_WARN_UNREACHABLE_CODE = YES;
				CLANG_WARN__DUPLICATE_METHOD_MATCH = YES;
				COPY_PHASE_STRIP = NO;
				DEBUG_INFORMATION_FORMAT = dwarf;
				ENABLE_STRICT_OBJC_MSGSEND = YES;
				ENABLE_TESTABILITY = YES;
				GCC_C_LANGUAGE_STANDARD = gnu11;
				GCC_DYNAMIC_NO_PIC = NO;
				GCC_NO_COMMON_BLOCKS = YES;
				GCC_OPTIMIZATION_LEVEL = 0;
				GCC_PREPROCESSOR_DEFINITIONS = (
					"DEBUG=1",
					"$(inherited)",
				);
				GCC_WARN_64_TO_32_BIT_CONVERSION = YES;
				GCC_WARN_ABOUT_RETURN_TYPE = YES_ERROR;
				GCC_WARN_UNDECLARED_SELECTOR = YES;
				GCC_WARN_UNINITIALIZED_AUTOS = YES_AGGRESSIVE;
				GCC_WARN_UNUSED_FUNCTION = YES;
				GCC_WARN_UNUSED_VARIABLE = YES;
				IPHONEOS_DEPLOYMENT_TARGET = 16.0;
				MTL_ENABLE_DEBUG_INFO = INCLUDE_SOURCE;
				MTL_FAST_MATH = YES;
				ONLY_ACTIVE_ARCH = YES;
				SDKROOT = iphoneos;
				SWIFT_ACTIVE_COMPILATION_CONDITIONS = DEBUG;
				SWIFT_OPTIMIZATION_LEVEL = "-Onone";
			};
			name = Debug;
		};
		FA5A6664292BAFCE00DF7494 /* Release */ = {
			isa = XCBuildConfiguration;
			buildSettings = {
				ALWAYS_SEARCH_USER_PATHS = NO;
				CLANG_ANALYZER_NONNULL = YES;
				CLANG_ANALYZER_NUMBER_OBJECT_CONVERSION = YES_AGGRESSIVE;
				CLANG_CXX_LANGUAGE_STANDARD = "gnu++20";
				CLANG_ENABLE_MODULES = YES;
				CLANG_ENABLE_OBJC_ARC = YES;
				CLANG_ENABLE_OBJC_WEAK = YES;
				CLANG_WARN_BLOCK_CAPTURE_AUTORELEASING = YES;
				CLANG_WARN_BOOL_CONVERSION = YES;
				CLANG_WARN_COMMA = YES;
				CLANG_WARN_CONSTANT_CONVERSION = YES;
				CLANG_WARN_DEPRECATED_OBJC_IMPLEMENTATIONS = YES;
				CLANG_WARN_DIRECT_OBJC_ISA_USAGE = YES_ERROR;
				CLANG_WARN_DOCUMENTATION_COMMENTS = YES;
				CLANG_WARN_EMPTY_BODY = YES;
				CLANG_WARN_ENUM_CONVERSION = YES;
				CLANG_WARN_INFINITE_RECURSION = YES;
				CLANG_WARN_INT_CONVERSION = YES;
				CLANG_WARN_NON_LITERAL_NULL_CONVERSION = YES;
				CLANG_WARN_OBJC_IMPLICIT_RETAIN_SELF = YES;
				CLANG_WARN_OBJC_LITERAL_CONVERSION = YES;
				CLANG_WARN_OBJC_ROOT_CLASS = YES_ERROR;
				CLANG_WARN_QUOTED_INCLUDE_IN_FRAMEWORK_HEADER = YES;
				CLANG_WARN_RANGE_LOOP_ANALYSIS = YES;
				CLANG_WARN_STRICT_PROTOTYPES = YES;
				CLANG_WARN_SUSPICIOUS_MOVE = YES;
				CLANG_WARN_UNGUARDED_AVAILABILITY = YES_AGGRESSIVE;
				CLANG_WARN_UNREACHABLE_CODE = YES;
				CLANG_WARN__DUPLICATE_METHOD_MATCH = YES;
				COPY_PHASE_STRIP = NO;
				DEBUG_INFORMATION_FORMAT = "dwarf-with-dsym";
				ENABLE_NS_ASSERTIONS = NO;
				ENABLE_STRICT_OBJC_MSGSEND = YES;
				GCC_C_LANGUAGE_STANDARD = gnu11;
				GCC_NO_COMMON_BLOCKS = YES;
				GCC_WARN_64_TO_32_BIT_CONVERSION = YES;
				GCC_WARN_ABOUT_RETURN_TYPE = YES_ERROR;
				GCC_WARN_UNDECLARED_SELECTOR = YES;
				GCC_WARN_UNINITIALIZED_AUTOS = YES_AGGRESSIVE;
				GCC_WARN_UNUSED_FUNCTION = YES;
				GCC_WARN_UNUSED_VARIABLE = YES;
				IPHONEOS_DEPLOYMENT_TARGET = 16.0;
				MTL_ENABLE_DEBUG_INFO = NO;
				MTL_FAST_MATH = YES;
				SDKROOT = iphoneos;
				SWIFT_COMPILATION_MODE = wholemodule;
				SWIFT_OPTIMIZATION_LEVEL = "-O";
				VALIDATE_PRODUCT = YES;
			};
			name = Release;
		};
		FA5A6666292BAFCE00DF7494 /* Debug */ = {
			isa = XCBuildConfiguration;
			buildSettings = {
				ASSETCATALOG_COMPILER_APPICON_NAME = AppIcon;
				ASSETCATALOG_COMPILER_GLOBAL_ACCENT_COLOR_NAME = AccentColor;
				CODE_SIGN_ENTITLEMENTS = "Fresh Reminder/Fresh Reminder.entitlements";
				CODE_SIGN_STYLE = Automatic;
				CURRENT_PROJECT_VERSION = 1;
				DEVELOPMENT_TEAM = W35P6LHCZU;
				GENERATE_INFOPLIST_FILE = YES;
				INFOPLIST_FILE = "Fresh Reminder/Info.plist";
				INFOPLIST_KEY_CFBundleDisplayName = "Fresh Todo";
				INFOPLIST_KEY_LSApplicationCategoryType = "public.app-category.productivity";
				INFOPLIST_KEY_UIApplicationSupportsIndirectInputEvents = YES;
				INFOPLIST_KEY_UILaunchStoryboardName = LaunchScreen;
				INFOPLIST_KEY_UIMainStoryboardFile = Main;
				INFOPLIST_KEY_UISupportedInterfaceOrientations = UIInterfaceOrientationPortrait;
				INFOPLIST_KEY_UISupportedInterfaceOrientations_iPad = "UIInterfaceOrientationLandscapeLeft UIInterfaceOrientationLandscapeRight UIInterfaceOrientationPortrait UIInterfaceOrientationPortraitUpsideDown";
				IPHONEOS_DEPLOYMENT_TARGET = 16.0;
				LD_RUNPATH_SEARCH_PATHS = (
					"$(inherited)",
					"@executable_path/Frameworks",
				);
				MARKETING_VERSION = 1.0;
				PRODUCT_BUNDLE_IDENTIFIER = "io.immaxp.Fresh-Reminder";
				PRODUCT_NAME = "$(TARGET_NAME)";
				SUPPORTED_PLATFORMS = "iphoneos iphonesimulator";
				SUPPORTS_MACCATALYST = NO;
				SUPPORTS_MAC_DESIGNED_FOR_IPHONE_IPAD = NO;
				SWIFT_EMIT_LOC_STRINGS = YES;
				SWIFT_VERSION = 5.0;
				TARGETED_DEVICE_FAMILY = 1;
			};
			name = Debug;
		};
		FA5A6667292BAFCE00DF7494 /* Release */ = {
			isa = XCBuildConfiguration;
			buildSettings = {
				ASSETCATALOG_COMPILER_APPICON_NAME = AppIcon;
				ASSETCATALOG_COMPILER_GLOBAL_ACCENT_COLOR_NAME = AccentColor;
				CODE_SIGN_ENTITLEMENTS = "Fresh Reminder/Fresh Reminder.entitlements";
				CODE_SIGN_STYLE = Automatic;
				CURRENT_PROJECT_VERSION = 1;
				DEVELOPMENT_TEAM = W35P6LHCZU;
				GENERATE_INFOPLIST_FILE = YES;
				INFOPLIST_FILE = "Fresh Reminder/Info.plist";
				INFOPLIST_KEY_CFBundleDisplayName = "Fresh Todo";
				INFOPLIST_KEY_LSApplicationCategoryType = "public.app-category.productivity";
				INFOPLIST_KEY_UIApplicationSupportsIndirectInputEvents = YES;
				INFOPLIST_KEY_UILaunchStoryboardName = LaunchScreen;
				INFOPLIST_KEY_UIMainStoryboardFile = Main;
				INFOPLIST_KEY_UISupportedInterfaceOrientations = UIInterfaceOrientationPortrait;
				INFOPLIST_KEY_UISupportedInterfaceOrientations_iPad = "UIInterfaceOrientationLandscapeLeft UIInterfaceOrientationLandscapeRight UIInterfaceOrientationPortrait UIInterfaceOrientationPortraitUpsideDown";
				IPHONEOS_DEPLOYMENT_TARGET = 16.0;
				LD_RUNPATH_SEARCH_PATHS = (
					"$(inherited)",
					"@executable_path/Frameworks",
				);
				MARKETING_VERSION = 1.0;
				PRODUCT_BUNDLE_IDENTIFIER = "io.immaxp.Fresh-Reminder";
				PRODUCT_NAME = "$(TARGET_NAME)";
				SUPPORTED_PLATFORMS = "iphoneos iphonesimulator";
				SUPPORTS_MACCATALYST = NO;
				SUPPORTS_MAC_DESIGNED_FOR_IPHONE_IPAD = NO;
				SWIFT_EMIT_LOC_STRINGS = YES;
				SWIFT_VERSION = 5.0;
				TARGETED_DEVICE_FAMILY = 1;
			};
			name = Release;
		};
/* End XCBuildConfiguration section */

/* Begin XCConfigurationList section */
		FA5A664C292BAFCD00DF7494 /* Build configuration list for PBXProject "Fresh Reminder" */ = {
			isa = XCConfigurationList;
			buildConfigurations = (
				FA5A6663292BAFCE00DF7494 /* Debug */,
				FA5A6664292BAFCE00DF7494 /* Release */,
			);
			defaultConfigurationIsVisible = 0;
			defaultConfigurationName = Release;
		};
		FA5A6665292BAFCE00DF7494 /* Build configuration list for PBXNativeTarget "Fresh Reminder" */ = {
			isa = XCConfigurationList;
			buildConfigurations = (
				FA5A6666292BAFCE00DF7494 /* Debug */,
				FA5A6667292BAFCE00DF7494 /* Release */,
			);
			defaultConfigurationIsVisible = 0;
			defaultConfigurationName = Release;
		};
/* End XCConfigurationList section */
	};
	rootObject = FA5A6649292BAFCD00DF7494 /* Project object */;
}
